
Microsoft Visual Studio Solution File, Format Version 12.00
# Visual Studio Version 17
VisualStudioVersion = 17.5.33627.172
MinimumVisualStudioVersion = 10.0.40219.1
Project("{FAE04EC0-301F-11D3-BF4B-00C04F79EFBC}") = "ReverseString", "ReverseString\ReverseString.csproj", "{0732F86F-6739-4E63-87B6-02F5AF6B695C}"
EndProject
Global
	GlobalSection(SolutionConfigurationPlatforms) = preSolution
		Debug|Any CPU = Debug|Any CPU
		Release|Any CPU = Release|Any CPU
	EndGlobalSection
	GlobalSection(ProjectConfigurationPlatforms) = postSolution
		{0732F86F-6739-4E63-87B6-02F5AF6B695C}.Debug|Any CPU.ActiveCfg = Debug|Any CPU
		{0732F86F-6739-4E63-87B6-02F5AF6B695C}.Debug|Any CPU.Build.0 = Debug|Any CPU
		{0732F86F-6739-4E63-87B6-02F5AF6B695C}.Release|Any CPU.ActiveCfg = Release|Any CPU
		{0732F86F-6739-4E63-87B6-02F5AF6B695C}.Release|Any CPU.Build.0 = Release|Any CPU
	EndGlobalSection
	GlobalSection(SolutionProperties) = preSolution
		HideSolutionNode = FALSE
	EndGlobalSection
	GlobalSection(ExtensibilityGlobals) = postSolution
		SolutionGuid = {4228D509-07CD-4772-A509-B4A0CF8BCA06}
	EndGlobalSection
EndGlobal
