
Microsoft Visual Studio Solution File, Format Version 12.00
# Visual Studio Version 17
VisualStudioVersion = 17.6.33801.468
MinimumVisualStudioVersion = 10.0.40219.1
Project("{FAE04EC0-301F-11D3-BF4B-00C04F79EFBC}") = "PavanBDDProject", "PavanBDDProject.csproj", "{032E8566-D270-4A13-AE22-BC22EDDFDA2B}"
EndProject
Global
	GlobalSection(SolutionConfigurationPlatforms) = preSolution
		Debug|Any CPU = Debug|Any CPU
		Release|Any CPU = Release|Any CPU
	EndGlobalSection
	GlobalSection(ProjectConfigurationPlatforms) = postSolution
		{032E8566-D270-4A13-AE22-BC22EDDFDA2B}.Debug|Any CPU.ActiveCfg = Debug|Any CPU
		{032E8566-D270-4A13-AE22-BC22EDDFDA2B}.Debug|Any CPU.Build.0 = Debug|Any CPU
		{032E8566-D270-4A13-AE22-BC22EDDFDA2B}.Release|Any CPU.ActiveCfg = Release|Any CPU
		{032E8566-D270-4A13-AE22-BC22EDDFDA2B}.Release|Any CPU.Build.0 = Release|Any CPU
	EndGlobalSection
	GlobalSection(SolutionProperties) = preSolution
		HideSolutionNode = FALSE
	EndGlobalSection
	GlobalSection(ExtensibilityGlobals) = postSolution
		SolutionGuid = {B5AE3B76-924E-4FBE-BAF8-DB9E13F1EC64}
	EndGlobalSection
EndGlobal
