
Microsoft Visual Studio Solution File, Format Version 12.00
# Visual Studio Version 17
VisualStudioVersion = 17.6.33801.468
MinimumVisualStudioVersion = 10.0.40219.1
Project("{FAE04EC0-301F-11D3-BF4B-00C04F79EFBC}") = "PavanTestproj", "PavanTestproj.csproj", "{3EE31D0E-7C05-4E20-9B08-18373B43F712}"
EndProject
Global
	GlobalSection(SolutionConfigurationPlatforms) = preSolution
		Debug|Any CPU = Debug|Any CPU
		Release|Any CPU = Release|Any CPU
	EndGlobalSection
	GlobalSection(ProjectConfigurationPlatforms) = postSolution
		{3EE31D0E-7C05-4E20-9B08-18373B43F712}.Debug|Any CPU.ActiveCfg = Debug|Any CPU
		{3EE31D0E-7C05-4E20-9B08-18373B43F712}.Debug|Any CPU.Build.0 = Debug|Any CPU
		{3EE31D0E-7C05-4E20-9B08-18373B43F712}.Release|Any CPU.ActiveCfg = Release|Any CPU
		{3EE31D0E-7C05-4E20-9B08-18373B43F712}.Release|Any CPU.Build.0 = Release|Any CPU
	EndGlobalSection
	GlobalSection(SolutionProperties) = preSolution
		HideSolutionNode = FALSE
	EndGlobalSection
	GlobalSection(ExtensibilityGlobals) = postSolution
		SolutionGuid = {6A7E3435-ED05-4E24-9229-92182F75EF17}
	EndGlobalSection
EndGlobal
