
Microsoft Visual Studio Solution File, Format Version 12.00
# Visual Studio Version 17
VisualStudioVersion = 17.6.33815.320
MinimumVisualStudioVersion = 10.0.40219.1
Project("{FAE04EC0-301F-11D3-BF4B-00C04F79EFBC}") = "LakshmiNewTestProject", "LakshmiNewTestProject.csproj", "{535CABBC-2A04-462D-80CC-EA36AFF6C3BB}"
EndProject
Global
	GlobalSection(SolutionConfigurationPlatforms) = preSolution
		Debug|Any CPU = Debug|Any CPU
		Release|Any CPU = Release|Any CPU
	EndGlobalSection
	GlobalSection(ProjectConfigurationPlatforms) = postSolution
		{535CABBC-2A04-462D-80CC-EA36AFF6C3BB}.Debug|Any CPU.ActiveCfg = Debug|Any CPU
		{535CABBC-2A04-462D-80CC-EA36AFF6C3BB}.Debug|Any CPU.Build.0 = Debug|Any CPU
		{535CABBC-2A04-462D-80CC-EA36AFF6C3BB}.Release|Any CPU.ActiveCfg = Release|Any CPU
		{535CABBC-2A04-462D-80CC-EA36AFF6C3BB}.Release|Any CPU.Build.0 = Release|Any CPU
	EndGlobalSection
	GlobalSection(SolutionProperties) = preSolution
		HideSolutionNode = FALSE
	EndGlobalSection
	GlobalSection(ExtensibilityGlobals) = postSolution
		SolutionGuid = {77AB9739-CAB8-4E8B-BB9A-1A279A733E6C}
	EndGlobalSection
EndGlobal
