
Microsoft Visual Studio Solution File, Format Version 12.00
# Visual Studio Version 17
VisualStudioVersion = 17.6.33801.468
MinimumVisualStudioVersion = 10.0.40219.1
Project("{FAE04EC0-301F-11D3-BF4B-00C04F79EFBC}") = "PavanUnitTestCases", "PavanUnitTestCases.csproj", "{B57F31D8-2985-4997-8EDC-496877899C49}"
EndProject
Global
	GlobalSection(SolutionConfigurationPlatforms) = preSolution
		Debug|Any CPU = Debug|Any CPU
		Release|Any CPU = Release|Any CPU
	EndGlobalSection
	GlobalSection(ProjectConfigurationPlatforms) = postSolution
		{B57F31D8-2985-4997-8EDC-496877899C49}.Debug|Any CPU.ActiveCfg = Debug|Any CPU
		{B57F31D8-2985-4997-8EDC-496877899C49}.Debug|Any CPU.Build.0 = Debug|Any CPU
		{B57F31D8-2985-4997-8EDC-496877899C49}.Release|Any CPU.ActiveCfg = Release|Any CPU
		{B57F31D8-2985-4997-8EDC-496877899C49}.Release|Any CPU.Build.0 = Release|Any CPU
	EndGlobalSection
	GlobalSection(SolutionProperties) = preSolution
		HideSolutionNode = FALSE
	EndGlobalSection
	GlobalSection(ExtensibilityGlobals) = postSolution
		SolutionGuid = {F48BC56A-10CC-4DF1-9997-568B261DD7D4}
	EndGlobalSection
EndGlobal
