
Microsoft Visual Studio Solution File, Format Version 12.00
# Visual Studio Version 17
VisualStudioVersion = 17.5.33530.505
MinimumVisualStudioVersion = 10.0.40219.1
Project("{FAE04EC0-301F-11D3-BF4B-00C04F79EFBC}") = "RukhsanaTestProject", "RukhsanaTestProject\RukhsanaTestProject.csproj", "{2A95870C-0109-433A-B8A5-A8057A09528C}"
EndProject
Global
	GlobalSection(SolutionConfigurationPlatforms) = preSolution
		Debug|Any CPU = Debug|Any CPU
		Release|Any CPU = Release|Any CPU
	EndGlobalSection
	GlobalSection(ProjectConfigurationPlatforms) = postSolution
		{2A95870C-0109-433A-B8A5-A8057A09528C}.Debug|Any CPU.ActiveCfg = Debug|Any CPU
		{2A95870C-0109-433A-B8A5-A8057A09528C}.Debug|Any CPU.Build.0 = Debug|Any CPU
		{2A95870C-0109-433A-B8A5-A8057A09528C}.Release|Any CPU.ActiveCfg = Release|Any CPU
		{2A95870C-0109-433A-B8A5-A8057A09528C}.Release|Any CPU.Build.0 = Release|Any CPU
	EndGlobalSection
	GlobalSection(SolutionProperties) = preSolution
		HideSolutionNode = FALSE
	EndGlobalSection
	GlobalSection(ExtensibilityGlobals) = postSolution
		SolutionGuid = {C0509532-2071-48C0-9B1F-446815B5CAE3}
	EndGlobalSection
EndGlobal
