
Microsoft Visual Studio Solution File, Format Version 12.00
# Visual Studio Version 17
VisualStudioVersion = 17.5.33530.505
MinimumVisualStudioVersion = 10.0.40219.1
Project("{FAE04EC0-301F-11D3-BF4B-00C04F79EFBC}") = "Fibonacci", "Fibonacci\Fibonacci.csproj", "{B1566304-02BE-4FC0-BFEF-F1049AC8CB99}"
EndProject
Global
	GlobalSection(SolutionConfigurationPlatforms) = preSolution
		Debug|Any CPU = Debug|Any CPU
		Release|Any CPU = Release|Any CPU
	EndGlobalSection
	GlobalSection(ProjectConfigurationPlatforms) = postSolution
		{B1566304-02BE-4FC0-BFEF-F1049AC8CB99}.Debug|Any CPU.ActiveCfg = Debug|Any CPU
		{B1566304-02BE-4FC0-BFEF-F1049AC8CB99}.Debug|Any CPU.Build.0 = Debug|Any CPU
		{B1566304-02BE-4FC0-BFEF-F1049AC8CB99}.Release|Any CPU.ActiveCfg = Release|Any CPU
		{B1566304-02BE-4FC0-BFEF-F1049AC8CB99}.Release|Any CPU.Build.0 = Release|Any CPU
	EndGlobalSection
	GlobalSection(SolutionProperties) = preSolution
		HideSolutionNode = FALSE
	EndGlobalSection
	GlobalSection(ExtensibilityGlobals) = postSolution
		SolutionGuid = {0B10E628-AAD3-4EF6-85D3-8BA23F641A8D}
	EndGlobalSection
EndGlobal
