
Microsoft Visual Studio Solution File, Format Version 12.00
# Visual Studio Version 17
VisualStudioVersion = 17.6.33815.320
MinimumVisualStudioVersion = 10.0.40219.1
Project("{FAE04EC0-301F-11D3-BF4B-00C04F79EFBC}") = "ShumaylaBDDProject", "ShumaylaBDDProject\ShumaylaBDDProject.csproj", "{DC1DB7F1-202D-46A0-8BC2-BC7B2D382BA3}"
EndProject
Global
	GlobalSection(SolutionConfigurationPlatforms) = preSolution
		Debug|Any CPU = Debug|Any CPU
		Release|Any CPU = Release|Any CPU
	EndGlobalSection
	GlobalSection(ProjectConfigurationPlatforms) = postSolution
		{DC1DB7F1-202D-46A0-8BC2-BC7B2D382BA3}.Debug|Any CPU.ActiveCfg = Debug|Any CPU
		{DC1DB7F1-202D-46A0-8BC2-BC7B2D382BA3}.Debug|Any CPU.Build.0 = Debug|Any CPU
		{DC1DB7F1-202D-46A0-8BC2-BC7B2D382BA3}.Release|Any CPU.ActiveCfg = Release|Any CPU
		{DC1DB7F1-202D-46A0-8BC2-BC7B2D382BA3}.Release|Any CPU.Build.0 = Release|Any CPU
	EndGlobalSection
	GlobalSection(SolutionProperties) = preSolution
		HideSolutionNode = FALSE
	EndGlobalSection
	GlobalSection(ExtensibilityGlobals) = postSolution
		SolutionGuid = {E4980A46-3A47-42FD-9ABE-355CC7484280}
	EndGlobalSection
EndGlobal
