
Microsoft Visual Studio Solution File, Format Version 12.00
# Visual Studio Version 17
VisualStudioVersion = 17.5.33530.505
MinimumVisualStudioVersion = 10.0.40219.1
Project("{FAE04EC0-301F-11D3-BF4B-00C04F79EFBC}") = "NadiaTestProject", "NadiaTestProject\NadiaTestProject.csproj", "{68CE012D-41DB-478A-8564-F8D3E0B0106A}"
EndProject
Global
	GlobalSection(SolutionConfigurationPlatforms) = preSolution
		Debug|Any CPU = Debug|Any CPU
		Release|Any CPU = Release|Any CPU
	EndGlobalSection
	GlobalSection(ProjectConfigurationPlatforms) = postSolution
		{68CE012D-41DB-478A-8564-F8D3E0B0106A}.Debug|Any CPU.ActiveCfg = Debug|Any CPU
		{68CE012D-41DB-478A-8564-F8D3E0B0106A}.Debug|Any CPU.Build.0 = Debug|Any CPU
		{68CE012D-41DB-478A-8564-F8D3E0B0106A}.Release|Any CPU.ActiveCfg = Release|Any CPU
		{68CE012D-41DB-478A-8564-F8D3E0B0106A}.Release|Any CPU.Build.0 = Release|Any CPU
	EndGlobalSection
	GlobalSection(SolutionProperties) = preSolution
		HideSolutionNode = FALSE
	EndGlobalSection
	GlobalSection(ExtensibilityGlobals) = postSolution
		SolutionGuid = {A5C1E620-3ED3-4EEF-86D1-6076F31B5243}
	EndGlobalSection
EndGlobal
