
Microsoft Visual Studio Solution File, Format Version 12.00
# Visual Studio Version 17
VisualStudioVersion = 17.6.33829.357
MinimumVisualStudioVersion = 10.0.40219.1
Project("{FAE04EC0-301F-11D3-BF4B-00C04F79EFBC}") = "AkhilSpecflowTemp", "AkhilSpecflowTemp\AkhilSpecflowTemp.csproj", "{58B06B93-1C79-4F19-A022-3D4C120D0DB1}"
EndProject
Global
	GlobalSection(SolutionConfigurationPlatforms) = preSolution
		Debug|Any CPU = Debug|Any CPU
		Release|Any CPU = Release|Any CPU
	EndGlobalSection
	GlobalSection(ProjectConfigurationPlatforms) = postSolution
		{58B06B93-1C79-4F19-A022-3D4C120D0DB1}.Debug|Any CPU.ActiveCfg = Debug|Any CPU
		{58B06B93-1C79-4F19-A022-3D4C120D0DB1}.Debug|Any CPU.Build.0 = Debug|Any CPU
		{58B06B93-1C79-4F19-A022-3D4C120D0DB1}.Release|Any CPU.ActiveCfg = Release|Any CPU
		{58B06B93-1C79-4F19-A022-3D4C120D0DB1}.Release|Any CPU.Build.0 = Release|Any CPU
	EndGlobalSection
	GlobalSection(SolutionProperties) = preSolution
		HideSolutionNode = FALSE
	EndGlobalSection
	GlobalSection(ExtensibilityGlobals) = postSolution
		SolutionGuid = {6FCDEEAF-A1A1-4AD1-98F7-8B217ADAFAE3}
	EndGlobalSection
EndGlobal
