
Microsoft Visual Studio Solution File, Format Version 12.00
# Visual Studio Version 17
VisualStudioVersion = 17.6.33829.357
MinimumVisualStudioVersion = 10.0.40219.1
Project("{FAE04EC0-301F-11D3-BF4B-00C04F79EFBC}") = "Akhil_Unit_New", "Akhil_Unit_New\Akhil_Unit_New.csproj", "{BA5F85B8-CD09-4D65-8D03-8B95DF41C706}"
EndProject
Global
	GlobalSection(SolutionConfigurationPlatforms) = preSolution
		Debug|Any CPU = Debug|Any CPU
		Release|Any CPU = Release|Any CPU
	EndGlobalSection
	GlobalSection(ProjectConfigurationPlatforms) = postSolution
		{BA5F85B8-CD09-4D65-8D03-8B95DF41C706}.Debug|Any CPU.ActiveCfg = Debug|Any CPU
		{BA5F85B8-CD09-4D65-8D03-8B95DF41C706}.Debug|Any CPU.Build.0 = Debug|Any CPU
		{BA5F85B8-CD09-4D65-8D03-8B95DF41C706}.Release|Any CPU.ActiveCfg = Release|Any CPU
		{BA5F85B8-CD09-4D65-8D03-8B95DF41C706}.Release|Any CPU.Build.0 = Release|Any CPU
	EndGlobalSection
	GlobalSection(SolutionProperties) = preSolution
		HideSolutionNode = FALSE
	EndGlobalSection
	GlobalSection(ExtensibilityGlobals) = postSolution
		SolutionGuid = {DB4432CC-2D8F-41F3-8E8D-247F0DDB4918}
	EndGlobalSection
EndGlobal
