
Microsoft Visual Studio Solution File, Format Version 12.00
# Visual Studio Version 17
VisualStudioVersion = 17.5.33530.505
MinimumVisualStudioVersion = 10.0.40219.1
Project("{FAE04EC0-301F-11D3-BF4B-00C04F79EFBC}") = "SowjanyaTestProject", "SowjanyaTestProject\SowjanyaTestProject.csproj", "{417B363E-F640-43CA-97CE-D0047C51BA2F}"
EndProject
Global
	GlobalSection(SolutionConfigurationPlatforms) = preSolution
		Debug|Any CPU = Debug|Any CPU
		Release|Any CPU = Release|Any CPU
	EndGlobalSection
	GlobalSection(ProjectConfigurationPlatforms) = postSolution
		{417B363E-F640-43CA-97CE-D0047C51BA2F}.Debug|Any CPU.ActiveCfg = Debug|Any CPU
		{417B363E-F640-43CA-97CE-D0047C51BA2F}.Debug|Any CPU.Build.0 = Debug|Any CPU
		{417B363E-F640-43CA-97CE-D0047C51BA2F}.Release|Any CPU.ActiveCfg = Release|Any CPU
		{417B363E-F640-43CA-97CE-D0047C51BA2F}.Release|Any CPU.Build.0 = Release|Any CPU
	EndGlobalSection
	GlobalSection(SolutionProperties) = preSolution
		HideSolutionNode = FALSE
	EndGlobalSection
	GlobalSection(ExtensibilityGlobals) = postSolution
		SolutionGuid = {10235D9F-8C1B-4164-BDE0-A266BD9D0FD3}
	EndGlobalSection
EndGlobal
