
Microsoft Visual Studio Solution File, Format Version 12.00
# Visual Studio Version 17
VisualStudioVersion = 17.6.33815.320
MinimumVisualStudioVersion = 10.0.40219.1
Project("{FAE04EC0-301F-11D3-BF4B-00C04F79EFBC}") = "ShumaylaConsoleApp", "ShumaylaConsoleApp.csproj", "{2F9F953D-D04F-4713-91C2-2FD9D1551E61}"
EndProject
Global
	GlobalSection(SolutionConfigurationPlatforms) = preSolution
		Debug|Any CPU = Debug|Any CPU
		Release|Any CPU = Release|Any CPU
	EndGlobalSection
	GlobalSection(ProjectConfigurationPlatforms) = postSolution
		{2F9F953D-D04F-4713-91C2-2FD9D1551E61}.Debug|Any CPU.ActiveCfg = Debug|Any CPU
		{2F9F953D-D04F-4713-91C2-2FD9D1551E61}.Debug|Any CPU.Build.0 = Debug|Any CPU
		{2F9F953D-D04F-4713-91C2-2FD9D1551E61}.Release|Any CPU.ActiveCfg = Release|Any CPU
		{2F9F953D-D04F-4713-91C2-2FD9D1551E61}.Release|Any CPU.Build.0 = Release|Any CPU
	EndGlobalSection
	GlobalSection(SolutionProperties) = preSolution
		HideSolutionNode = FALSE
	EndGlobalSection
	GlobalSection(ExtensibilityGlobals) = postSolution
		SolutionGuid = {0771334C-1AB7-42CC-9441-431AC8E570F9}
	EndGlobalSection
EndGlobal
